// !$*UTF8*$!
{
	archiveVersion = 1;
	classes = {
	};
	objectVersion = 46;
	objects = {

/* Begin PBXBuildFile section */
		244E556D19A772DC00BCF940 /* Foundation.framework in Frameworks */ = {isa = PBXBuildFile; fileRef = 244E556C19A772DC00BCF940 /* Foundation.framework */; };
		244E556F19A772DC00BCF940 /* CoreGraphics.framework in Frameworks */ = {isa = PBXBuildFile; fileRef = 244E556E19A772DC00BCF940 /* CoreGraphics.framework */; };
		244E557119A772DC00BCF940 /* UIKit.framework in Frameworks */ = {isa = PBXBuildFile; fileRef = 244E557019A772DC00BCF940 /* UIKit.framework */; };
		244E557719A772DC00BCF940 /* InfoPlist.strings in Resources */ = {isa = PBXBuildFile; fileRef = 244E557519A772DC00BCF940 /* InfoPlist.strings */; };
		244E557919A772DC00BCF940 /* main.m in Sources */ = {isa = PBXBuildFile; fileRef = 244E557819A772DC00BCF940 /* main.m */; };
		244E557D19A772DC00BCF940 /* AppDelegate.m in Sources */ = {isa = PBXBuildFile; fileRef = 244E557C19A772DC00BCF940 /* AppDelegate.m */; };
		244E557F19A772DC00BCF940 /* Images.xcassets in Resources */ = {isa = PBXBuildFile; fileRef = 244E557E19A772DC00BCF940 /* Images.xcassets */; };
		244E558619A772DC00BCF940 /* XCTest.framework in Frameworks */ = {isa = PBXBuildFile; fileRef = 244E558519A772DC00BCF940 /* XCTest.framework */; };
		244E558719A772DC00BCF940 /* Foundation.framework in Frameworks */ = {isa = PBXBuildFile; fileRef = 244E556C19A772DC00BCF940 /* Foundation.framework */; };
		244E558819A772DC00BCF940 /* UIKit.framework in Frameworks */ = {isa = PBXBuildFile; fileRef = 244E557019A772DC00BCF940 /* UIKit.framework */; };
		244E559019A772DC00BCF940 /* InfoPlist.strings in Resources */ = {isa = PBXBuildFile; fileRef = 244E558E19A772DC00BCF940 /* InfoPlist.strings */; };
		244E559219A772DC00BCF940 /* _Tests.m in Sources */ = {isa = PBXBuildFile; fileRef = 244E559119A772DC00BCF940 /* _Tests.m */; };
/* End PBXBuildFile section */

/* Begin PBXContainerItemProxy section */
		244E558919A772DC00BCF940 /* PBXContainerItemProxy */ = {
			isa = PBXContainerItemProxy;
			containerPortal = 244E556119A772DC00BCF940 /* Project object */;
			proxyType = 1;
			remoteGlobalIDString = 244E556819A772DC00BCF940;
			remoteInfo = 6;
		};
/* End PBXContainerItemProxy section */

/* Begin PBXFileReference section */
		244E556919A772DC00BCF940 /* 6.app */ = {isa = PBXFileReference; explicitFileType = wrapper.application; includeInIndex = 0; path = 6.app; sourceTree = BUILT_PRODUCTS_DIR; };
		244E556C19A772DC00BCF940 /* Foundation.framework */ = {isa = PBXFileReference; lastKnownFileType = wrapper.framework; name = Foundation.framework; path = System/Library/Frameworks/Foundation.framework; sourceTree = SDKROOT; };
		244E556E19A772DC00BCF940 /* CoreGraphics.framework */ = {isa = PBXFileReference; lastKnownFileType = wrapper.framework; name = CoreGraphics.framework; path = System/Library/Frameworks/CoreGraphics.framework; sourceTree = SDKROOT; };
		244E557019A772DC00BCF940 /* UIKit.framework */ = {isa = PBXFileReference; lastKnownFileType = wrapper.framework; name = UIKit.framework; path = System/Library/Frameworks/UIKit.framework; sourceTree = SDKROOT; };
		244E557419A772DC00BCF940 /* 6-Info.plist */ = {isa = PBXFileReference; lastKnownFileType = text.plist.xml; path = "6-Info.plist"; sourceTree = "<group>"; };
		244E557619A772DC00BCF940 /* en */ = {isa = PBXFileReference; lastKnownFileType = text.plist.strings; name = en; path = en.lproj/InfoPlist.strings; sourceTree = "<group>"; };
		244E557819A772DC00BCF940 /* main.m */ = {isa = PBXFileReference; lastKnownFileType = sourcecode.c.objc; path = main.m; sourceTree = "<group>"; };
		244E557A19A772DC00BCF940 /* 6-Prefix.pch */ = {isa = PBXFileReference; lastKnownFileType = sourcecode.c.h; path = "6-Prefix.pch"; sourceTree = "<group>"; };
		244E557B19A772DC00BCF940 /* AppDelegate.h */ = {isa = PBXFileReference; lastKnownFileType = sourcecode.c.h; path = AppDelegate.h; sourceTree = "<group>"; };
		244E557C19A772DC00BCF940 /* AppDelegate.m */ = {isa = PBXFileReference; lastKnownFileType = sourcecode.c.objc; path = AppDelegate.m; sourceTree = "<group>"; };
		244E557E19A772DC00BCF940 /* Images.xcassets */ = {isa = PBXFileReference; lastKnownFileType = folder.assetcatalog; path = Images.xcassets; sourceTree = "<group>"; };
		244E558419A772DC00BCF940 /* 6Tests.xctest */ = {isa = PBXFileReference; explicitFileType = wrapper.cfbundle; includeInIndex = 0; path = 6Tests.xctest; sourceTree = BUILT_PRODUCTS_DIR; };
		244E558519A772DC00BCF940 /* XCTest.framework */ = {isa = PBXFileReference; lastKnownFileType = wrapper.framework; name = XCTest.framework; path = Library/Frameworks/XCTest.framework; sourceTree = DEVELOPER_DIR; };
		244E558D19A772DC00BCF940 /* 6Tests-Info.plist */ = {isa = PBXFileReference; lastKnownFileType = text.plist.xml; path = "6Tests-Info.plist"; sourceTree = "<group>"; };
		244E558F19A772DC00BCF940 /* en */ = {isa = PBXFileReference; lastKnownFileType = text.plist.strings; name = en; path = en.lproj/InfoPlist.strings; sourceTree = "<group>"; };
		244E559119A772DC00BCF940 /* _Tests.m */ = {isa = PBXFileReference; lastKnownFileType = sourcecode.c.objc; path = _Tests.m; sourceTree = "<group>"; };
/* End PBXFileReference section */

/* Begin PBXFrameworksBuildPhase section */
		244E556619A772DC00BCF940 /* Frameworks */ = {
			isa = PBXFrameworksBuildPhase;
			buildActionMask = 2147483647;
			files = (
				244E556F19A772DC00BCF940 /* CoreGraphics.framework in Frameworks */,
				244E557119A772DC00BCF940 /* UIKit.framework in Frameworks */,
				244E556D19A772DC00BCF940 /* Foundation.framework in Frameworks */,
			);
			runOnlyForDeploymentPostprocessing = 0;
		};
		244E558119A772DC00BCF940 /* Frameworks */ = {
			isa = PBXFrameworksBuildPhase;
			buildActionMask = 2147483647;
			files = (
				244E558619A772DC00BCF940 /* XCTest.framework in Frameworks */,
				244E558819A772DC00BCF940 /* UIKit.framework in Frameworks */,
				244E558719A772DC00BCF940 /* Foundation.framework in Frameworks */,
			);
			runOnlyForDeploymentPostprocessing = 0;
		};
/* End PBXFrameworksBuildPhase section */

/* Begin PBXGroup section */
		244E556019A772DC00BCF940 = {
			isa = PBXGroup;
			children = (
				244E557219A772DC00BCF940 /* 6 */,
				244E558B19A772DC00BCF940 /* 6Tests */,
				244E556B19A772DC00BCF940 /* Frameworks */,
				244E556A19A772DC00BCF940 /* Products */,
			);
			sourceTree = "<group>";
		};
		244E556A19A772DC00BCF940 /* Products */ = {
			isa = PBXGroup;
			children = (
				244E556919A772DC00BCF940 /* 6.app */,
				244E558419A772DC00BCF940 /* 6Tests.xctest */,
			);
			name = Products;
			sourceTree = "<group>";
		};
		244E556B19A772DC00BCF940 /* Frameworks */ = {
			isa = PBXGroup;
			children = (
				244E556C19A772DC00BCF940 /* Foundation.framework */,
				244E556E19A772DC00BCF940 /* CoreGraphics.framework */,
				244E557019A772DC00BCF940 /* UIKit.framework */,
				244E558519A772DC00BCF940 /* XCTest.framework */,
			);
			name = Frameworks;
			sourceTree = "<group>";
		};
		244E557219A772DC00BCF940 /* 6 */ = {
			isa = PBXGroup;
			children = (
				244E557B19A772DC00BCF940 /* AppDelegate.h */,
				244E557C19A772DC00BCF940 /* AppDelegate.m */,
				244E557E19A772DC00BCF940 /* Images.xcassets */,
				244E557319A772DC00BCF940 /* Supporting Files */,
			);
			path = 6;
			sourceTree = "<group>";
		};
		244E557319A772DC00BCF940 /* Supporting Files */ = {
			isa = PBXGroup;
			children = (
				244E557419A772DC00BCF940 /* 6-Info.plist */,
				244E557519A772DC00BCF940 /* InfoPlist.strings */,
				244E557819A772DC00BCF940 /* main.m */,
				244E557A19A772DC00BCF940 /* 6-Prefix.pch */,
			);
			name = "Supporting Files";
			sourceTree = "<group>";
		};
		244E558B19A772DC00BCF940 /* 6Tests */ = {
			isa = PBXGroup;
			children = (
				244E559119A772DC00BCF940 /* _Tests.m */,
				244E558C19A772DC00BCF940 /* Supporting Files */,
			);
			path = 6Tests;
			sourceTree = "<group>";
		};
		244E558C19A772DC00BCF940 /* Supporting Files */ = {
			isa = PBXGroup;
			children = (
				244E558D19A772DC00BCF940 /* 6Tests-Info.plist */,
				244E558E19A772DC00BCF940 /* InfoPlist.strings */,
			);
			name = "Supporting Files";
			sourceTree = "<group>";
		};
/* End PBXGroup section */

/* Begin PBXNativeTarget section */
		244E556819A772DC00BCF940 /* 6 */ = {
			isa = PBXNativeTarget;
			buildConfigurationList = 244E559519A772DC00BCF940 /* Build configuration list for PBXNativeTarget "6" */;
			buildPhases = (
				244E556519A772DC00BCF940 /* Sources */,
				244E556619A772DC00BCF940 /* Frameworks */,
				244E556719A772DC00BCF940 /* Resources */,
			);
			buildRules = (
			);
			dependencies = (
			);
			name = 6;
			productName = 6;
			productReference = 244E556919A772DC00BCF940 /* 6.app */;
			productType = "com.apple.product-type.application";
		};
		244E558319A772DC00BCF940 /* 6Tests */ = {
			isa = PBXNativeTarget;
			buildConfigurationList = 244E559819A772DC00BCF940 /* Build configuration list for PBXNativeTarget "6Tests" */;
			buildPhases = (
				244E558019A772DC00BCF940 /* Sources */,
				244E558119A772DC00BCF940 /* Frameworks */,
				244E558219A772DC00BCF940 /* Resources */,
			);
			buildRules = (
			);
			dependencies = (
				244E558A19A772DC00BCF940 /* PBXTargetDependency */,
			);
			name = 6Tests;
			productName = 6Tests;
			productReference = 244E558419A772DC00BCF940 /* 6Tests.xctest */;
			productType = "com.apple.product-type.bundle.unit-test";
		};
/* End PBXNativeTarget section */

/* Begin PBXProject section */
		244E556119A772DC00BCF940 /* Project object */ = {
			isa = PBXProject;
			attributes = {
				LastUpgradeCheck = 0510;
				ORGANIZATIONNAME = ed;
				TargetAttributes = {
					244E558319A772DC00BCF940 = {
						TestTargetID = 244E556819A772DC00BCF940;
					};
				};
			};
			buildConfigurationList = 244E556419A772DC00BCF940 /* Build configuration list for PBXProject "6" */;
			compatibilityVersion = "Xcode 3.2";
			developmentRegion = English;
			hasScannedForEncodings = 0;
			knownRegions = (
				en,
			);
			mainGroup = 244E556019A772DC00BCF940;
			productRefGroup = 244E556A19A772DC00BCF940 /* Products */;
			projectDirPath = "";
			projectRoot = "";
			targets = (
				244E556819A772DC00BCF940 /* 6 */,
				244E558319A772DC00BCF940 /* 6Tests */,
			);
		};
/* End PBXProject section */

/* Begin PBXResourcesBuildPhase section */
		244E556719A772DC00BCF940 /* Resources */ = {
			isa = PBXResourcesBuildPhase;
			buildActionMask = 2147483647;
			files = (
				244E557719A772DC00BCF940 /* InfoPlist.strings in Resources */,
				244E557F19A772DC00BCF940 /* Images.xcassets in Resources */,
			);
			runOnlyForDeploymentPostprocessing = 0;
		};
		244E558219A772DC00BCF940 /* Resources */ = {
			isa = PBXResourcesBuildPhase;
			buildActionMask = 2147483647;
			files = (
				244E559019A772DC00BCF940 /* InfoPlist.strings in Resources */,
			);
			runOnlyForDeploymentPostprocessing = 0;
		};
/* End PBXResourcesBuildPhase section */

/* Begin PBXSourcesBuildPhase section */
		244E556519A772DC00BCF940 /* Sources */ = {
			isa = PBXSourcesBuildPhase;
			buildActionMask = 2147483647;
			files = (
				244E557D19A772DC00BCF940 /* AppDelegate.m in Sources */,
				244E557919A772DC00BCF940 /* main.m in Sources */,
			);
			runOnlyForDeploymentPostprocessing = 0;
		};
		244E558019A772DC00BCF940 /* Sources */ = {
			isa = PBXSourcesBuildPhase;
			buildActionMask = 2147483647;
			files = (
				244E559219A772DC00BCF940 /* _Tests.m in Sources */,
			);
			runOnlyForDeploymentPostprocessing = 0;
		};
/* End PBXSourcesBuildPhase section */

/* Begin PBXTargetDependency section */
		244E558A19A772DC00BCF940 /* PBXTargetDependency */ = {
			isa = PBXTargetDependency;
			target = 244E556819A772DC00BCF940 /* 6 */;
			targetProxy = 244E558919A772DC00BCF940 /* PBXContainerItemProxy */;
		};
/* End PBXTargetDependency section */

/* Begin PBXVariantGroup section */
		244E557519A772DC00BCF940 /* InfoPlist.strings */ = {
			isa = PBXVariantGroup;
			children = (
				244E557619A772DC00BCF940 /* en */,
			);
			name = InfoPlist.strings;
			sourceTree = "<group>";
		};
		244E558E19A772DC00BCF940 /* InfoPlist.strings */ = {
			isa = PBXVariantGroup;
			children = (
				244E558F19A772DC00BCF940 /* en */,
			);
			name = InfoPlist.strings;
			sourceTree = "<group>";
		};
/* End PBXVariantGroup section */

/* Begin XCBuildConfiguration section */
		244E559319A772DC00BCF940 /* Debug */ = {
			isa = XCBuildConfiguration;
			buildSettings = {
				ALWAYS_SEARCH_USER_PATHS = NO;
				CLANG_CXX_LANGUAGE_STANDARD = "gnu++0x";
				CLANG_CXX_LIBRARY = "libc++";
				CLANG_ENABLE_MODULES = YES;
				CLANG_ENABLE_OBJC_ARC = YES;
				CLANG_WARN_BOOL_CONVERSION = YES;
				CLANG_WARN_CONSTANT_CONVERSION = YES;
				CLANG_WARN_DIRECT_OBJC_ISA_USAGE = YES_ERROR;
				CLANG_WARN_EMPTY_BODY = YES;
				CLANG_WARN_ENUM_CONVERSION = YES;
				CLANG_WARN_INT_CONVERSION = YES;
				CLANG_WARN_OBJC_ROOT_CLASS = YES_ERROR;
				CLANG_WARN__DUPLICATE_METHOD_MATCH = YES;
				"CODE_SIGN_IDENTITY[sdk=iphoneos*]" = "iPhone Developer";
				COPY_PHASE_STRIP = NO;
				GCC_C_LANGUAGE_STANDARD = gnu99;
				GCC_DYNAMIC_NO_PIC = NO;
				GCC_OPTIMIZATION_LEVEL = 0;
				GCC_PREPROCESSOR_DEFINITIONS = (
					"DEBUG=1",
					"$(inherited)",
				);
				GCC_SYMBOLS_PRIVATE_EXTERN = NO;
				GCC_WARN_64_TO_32_BIT_CONVERSION = YES;
				GCC_WARN_ABOUT_RETURN_TYPE = YES_ERROR;
				GCC_WARN_UNDECLARED_SELECTOR = YES;
				GCC_WARN_UNINITIALIZED_AUTOS = YES_AGGRESSIVE;
				GCC_WARN_UNUSED_FUNCTION = YES;
				GCC_WARN_UNUSED_VARIABLE = YES;
				IPHONEOS_DEPLOYMENT_TARGET = 7.1;
				ONLY_ACTIVE_ARCH = YES;
				SDKROOT = iphoneos;
			};
			name = Debug;
		};
		244E559419A772DC00BCF940 /* Release */ = {
			isa = XCBuildConfiguration;
			buildSettings = {
				ALWAYS_SEARCH_USER_PATHS = NO;
				CLANG_CXX_LANGUAGE_STANDARD = "gnu++0x";
				CLANG_CXX_LIBRARY = "libc++";
				CLANG_ENABLE_MODULES = YES;
				CLANG_ENABLE_OBJC_ARC = YES;
				CLANG_WARN_BOOL_CONVERSION = YES;
				CLANG_WARN_CONSTANT_CONVERSION = YES;
				CLANG_WARN_DIRECT_OBJC_ISA_USAGE = YES_ERROR;
				CLANG_WARN_EMPTY_BODY = YES;
				CLANG_WARN_ENUM_CONVERSION = YES;
				CLANG_WARN_INT_CONVERSION = YES;
				CLANG_WARN_OBJC_ROOT_CLASS = YES_ERROR;
				CLANG_WARN__DUPLICATE_METHOD_MATCH = YES;
				"CODE_SIGN_IDENTITY[sdk=iphoneos*]" = "iPhone Developer";
				COPY_PHASE_STRIP = YES;
				ENABLE_NS_ASSERTIONS = NO;
				GCC_C_LANGUAGE_STANDARD = gnu99;
				GCC_WARN_64_TO_32_BIT_CONVERSION = YES;
				GCC_WARN_ABOUT_RETURN_TYPE = YES_ERROR;
				GCC_WARN_UNDECLARED_SELECTOR = YES;
				GCC_WARN_UNINITIALIZED_AUTOS = YES_AGGRESSIVE;
				GCC_WARN_UNUSED_FUNCTION = YES;
				GCC_WARN_UNUSED_VARIABLE = YES;
				IPHONEOS_DEPLOYMENT_TARGET = 7.1;
				SDKROOT = iphoneos;
				VALIDATE_PRODUCT = YES;
			};
			name = Release;
		};
		244E559619A772DC00BCF940 /* Debug */ = {
			isa = XCBuildConfiguration;
			buildSettings = {
				ASSETCATALOG_COMPILER_APPICON_NAME = AppIcon;
				ASSETCATALOG_COMPILER_LAUNCHIMAGE_NAME = LaunchImage;
				GCC_PRECOMPILE_PREFIX_HEADER = YES;
				GCC_PREFIX_HEADER = "6/6-Prefix.pch";
				INFOPLIST_FILE = "6/6-Info.plist";
				PRODUCT_NAME = "$(TARGET_NAME)";
				WRAPPER_EXTENSION = app;
			};
			name = Debug;
		};
		244E559719A772DC00BCF940 /* Release */ = {
			isa = XCBuildConfiguration;
			buildSettings = {
				ASSETCATALOG_COMPILER_APPICON_NAME = AppIcon;
				ASSETCATALOG_COMPILER_LAUNCHIMAGE_NAME = LaunchImage;
				GCC_PRECOMPILE_PREFIX_HEADER = YES;
				GCC_PREFIX_HEADER = "6/6-Prefix.pch";
				INFOPLIST_FILE = "6/6-Info.plist";
				PRODUCT_NAME = "$(TARGET_NAME)";
				WRAPPER_EXTENSION = app;
			};
			name = Release;
		};
		244E559919A772DC00BCF940 /* Debug */ = {
			isa = XCBuildConfiguration;
			buildSettings = {
				BUNDLE_LOADER = "$(BUILT_PRODUCTS_DIR)/6.app/6";
				FRAMEWORK_SEARCH_PATHS = (
					"$(SDKROOT)/Developer/Library/Frameworks",
					"$(inherited)",
					"$(DEVELOPER_FRAMEWORKS_DIR)",
				);
				GCC_PRECOMPILE_PREFIX_HEADER = YES;
				GCC_PREFIX_HEADER = "6/6-Prefix.pch";
				GCC_PREPROCESSOR_DEFINITIONS = (
					"DEBUG=1",
					"$(inherited)",
				);
				INFOPLIST_FILE = "6Tests/6Tests-Info.plist";
				PRODUCT_NAME = "$(TARGET_NAME)";
				TEST_HOST = "$(BUNDLE_LOADER)";
				WRAPPER_EXTENSION = xctest;
			};
			name = Debug;
		};
		244E559A19A772DC00BCF940 /* Release */ = {
			isa = XCBuildConfiguration;
			buildSettings = {
				BUNDLE_LOADER = "$(BUILT_PRODUCTS_DIR)/6.app/6";
				FRAMEWORK_SEARCH_PATHS = (
					"$(SDKROOT)/Developer/Library/Frameworks",
					"$(inherited)",
					"$(DEVELOPER_FRAMEWORKS_DIR)",
				);
				GCC_PRECOMPILE_PREFIX_HEADER = YES;
				GCC_PREFIX_HEADER = "6/6-Prefix.pch";
				INFOPLIST_FILE = "6Tests/6Tests-Info.plist";
				PRODUCT_NAME = "$(TARGET_NAME)";
				TEST_HOST = "$(BUNDLE_LOADER)";
				WRAPPER_EXTENSION = xctest;
			};
			name = Release;
		};
/* End XCBuildConfiguration section */

/* Begin XCConfigurationList section */
		244E556419A772DC00BCF940 /* Build configuration list for PBXProject "6" */ = {
			isa = XCConfigurationList;
			buildConfigurations = (
				244E559319A772DC00BCF940 /* Debug */,
				244E559419A772DC00BCF940 /* Release */,
			);
			defaultConfigurationIsVisible = 0;
			defaultConfigurationName = Release;
		};
		244E559519A772DC00BCF940 /* Build configuration list for PBXNativeTarget "6" */ = {
			isa = XCConfigurationList;
			buildConfigurations = (
				244E559619A772DC00BCF940 /* Debug */,
				244E559719A772DC00BCF940 /* Release */,
			);
			defaultConfigurationIsVisible = 0;
		};
		244E559819A772DC00BCF940 /* Build configuration list for PBXNativeTarget "6Tests" */ = {
			isa = XCConfigurationList;
			buildConfigurations = (
				244E559919A772DC00BCF940 /* Debug */,
				244E559A19A772DC00BCF940 /* Release */,
			);
			defaultConfigurationIsVisible = 0;
		};
/* End XCConfigurationList section */
	};
	rootObject = 244E556119A772DC00BCF940 /* Project object */;
}
